// !$*UTF8*$!
{
	archiveVersion = 1;
	classes = {
	};
	objectVersion = 50;
	objects = {

/* Begin PBXBuildFile section */
		1F19D668F31CB906BDBA2CA0 /* libPods-DemoGoogleMap.a in Frameworks */ = {isa = PBXBuildFile; fileRef = 317F80E4958023E7BBCC72D9 /* libPods-DemoGoogleMap.a */; };
		84EEB29321533DC80014FA74 /* GoogleValueDTO.swift in Sources */ = {isa = PBXBuildFile; fileRef = 84EEB29221533DC80014FA74 /* GoogleValueDTO.swift */; };
		84EEB29521533EE00014FA74 /* LocationDTO.swift in Sources */ = {isa = PBXBuildFile; fileRef = 84EEB29421533EE00014FA74 /* LocationDTO.swift */; };
		84EEB29721533F6A0014FA74 /* PolylineDTO.swift in Sources */ = {isa = PBXBuildFile; fileRef = 84EEB29621533F6A0014FA74 /* PolylineDTO.swift */; };
		84EEB29921533FC80014FA74 /* BoundsDTO.swift in Sources */ = {isa = PBXBuildFile; fileRef = 84EEB29821533FC80014FA74 /* BoundsDTO.swift */; };
		84EEB29B21534A460014FA74 /* LegDTO.swift in Sources */ = {isa = PBXBuildFile; fileRef = 84EEB29A21534A460014FA74 /* LegDTO.swift */; };
		84EEB29D21534A680014FA74 /* RouteDTO.swift in Sources */ = {isa = PBXBuildFile; fileRef = 84EEB29C21534A680014FA74 /* RouteDTO.swift */; };
		84EEB29F21534A900014FA74 /* DirectionOverview.swift in Sources */ = {isa = PBXBuildFile; fileRef = 84EEB29E21534A900014FA74 /* DirectionOverview.swift */; };
		84EEB2A121534ABE0014FA74 /* GeocodedWaypoint.swift in Sources */ = {isa = PBXBuildFile; fileRef = 84EEB2A021534ABE0014FA74 /* GeocodedWaypoint.swift */; };
		84EEB2A3215356020014FA74 /* DirectionService.swift in Sources */ = {isa = PBXBuildFile; fileRef = 84EEB2A2215356020014FA74 /* DirectionService.swift */; };
		84EEB2A5215357700014FA74 /* APIRequestProvider.swift in Sources */ = {isa = PBXBuildFile; fileRef = 84EEB2A4215357700014FA74 /* APIRequestProvider.swift */; };
		84EEB2A7215358710014FA74 /* APIServiceAgent.swift in Sources */ = {isa = PBXBuildFile; fileRef = 84EEB2A6215358710014FA74 /* APIServiceAgent.swift */; };
		84EEB2A9215358AF0014FA74 /* APIServiceObject.swift in Sources */ = {isa = PBXBuildFile; fileRef = 84EEB2A8215358AF0014FA74 /* APIServiceObject.swift */; };
		84EEB2AB2153784F0014FA74 /* StepDTO.swift in Sources */ = {isa = PBXBuildFile; fileRef = 84EEB2AA2153784F0014FA74 /* StepDTO.swift */; };
		84EF747E214F462A00BD7F47 /* AppDelegate.swift in Sources */ = {isa = PBXBuildFile; fileRef = 84EF747D214F462A00BD7F47 /* AppDelegate.swift */; };
		84EF7480214F462A00BD7F47 /* ViewController.swift in Sources */ = {isa = PBXBuildFile; fileRef = 84EF747F214F462A00BD7F47 /* ViewController.swift */; };
		84EF7483214F462A00BD7F47 /* Main.storyboard in Resources */ = {isa = PBXBuildFile; fileRef = 84EF7481214F462A00BD7F47 /* Main.storyboard */; };
		84EF7486214F462A00BD7F47 /* DemoGoogleMap.xcdatamodeld in Sources */ = {isa = PBXBuildFile; fileRef = 84EF7484214F462A00BD7F47 /* DemoGoogleMap.xcdatamodeld */; };
		84EF7488214F462B00BD7F47 /* Assets.xcassets in Resources */ = {isa = PBXBuildFile; fileRef = 84EF7487214F462B00BD7F47 /* Assets.xcassets */; };
		84EF748B214F462B00BD7F47 /* LaunchScreen.storyboard in Resources */ = {isa = PBXBuildFile; fileRef = 84EF7489214F462B00BD7F47 /* LaunchScreen.storyboard */; };
/* End PBXBuildFile section */

/* Begin PBXFileReference section */
		317F80E4958023E7BBCC72D9 /* libPods-DemoGoogleMap.a */ = {isa = PBXFileReference; explicitFileType = archive.ar; includeInIndex = 0; path = "libPods-DemoGoogleMap.a"; sourceTree = BUILT_PRODUCTS_DIR; };
		5AF6169AD5368DFC73B82ED7 /* Pods-DemoGoogleMap.release.xcconfig */ = {isa = PBXFileReference; includeInIndex = 1; lastKnownFileType = text.xcconfig; name = "Pods-DemoGoogleMap.release.xcconfig"; path = "Pods/Target Support Files/Pods-DemoGoogleMap/Pods-DemoGoogleMap.release.xcconfig"; sourceTree = "<group>"; };
		84EEB29221533DC80014FA74 /* GoogleValueDTO.swift */ = {isa = PBXFileReference; lastKnownFileType = sourcecode.swift; path = GoogleValueDTO.swift; sourceTree = "<group>"; };
		84EEB29421533EE00014FA74 /* LocationDTO.swift */ = {isa = PBXFileReference; lastKnownFileType = sourcecode.swift; path = LocationDTO.swift; sourceTree = "<group>"; };
		84EEB29621533F6A0014FA74 /* PolylineDTO.swift */ = {isa = PBXFileReference; lastKnownFileType = sourcecode.swift; path = PolylineDTO.swift; sourceTree = "<group>"; };
		84EEB29821533FC80014FA74 /* BoundsDTO.swift */ = {isa = PBXFileReference; lastKnownFileType = sourcecode.swift; path = BoundsDTO.swift; sourceTree = "<group>"; };
		84EEB29A21534A460014FA74 /* LegDTO.swift */ = {isa = PBXFileReference; lastKnownFileType = sourcecode.swift; path = LegDTO.swift; sourceTree = "<group>"; };
		84EEB29C21534A680014FA74 /* RouteDTO.swift */ = {isa = PBXFileReference; lastKnownFileType = sourcecode.swift; path = RouteDTO.swift; sourceTree = "<group>"; };
		84EEB29E21534A900014FA74 /* DirectionOverview.swift */ = {isa = PBXFileReference; lastKnownFileType = sourcecode.swift; path = DirectionOverview.swift; sourceTree = "<group>"; };
		84EEB2A021534ABE0014FA74 /* GeocodedWaypoint.swift */ = {isa = PBXFileReference; lastKnownFileType = sourcecode.swift; path = GeocodedWaypoint.swift; sourceTree = "<group>"; };
		84EEB2A2215356020014FA74 /* DirectionService.swift */ = {isa = PBXFileReference; lastKnownFileType = sourcecode.swift; path = DirectionService.swift; sourceTree = "<group>"; };
		84EEB2A4215357700014FA74 /* APIRequestProvider.swift */ = {isa = PBXFileReference; lastKnownFileType = sourcecode.swift; path = APIRequestProvider.swift; sourceTree = "<group>"; };
		84EEB2A6215358710014FA74 /* APIServiceAgent.swift */ = {isa = PBXFileReference; lastKnownFileType = sourcecode.swift; path = APIServiceAgent.swift; sourceTree = "<group>"; };
		84EEB2A8215358AF0014FA74 /* APIServiceObject.swift */ = {isa = PBXFileReference; lastKnownFileType = sourcecode.swift; path = APIServiceObject.swift; sourceTree = "<group>"; };
		84EEB2AA2153784F0014FA74 /* StepDTO.swift */ = {isa = PBXFileReference; lastKnownFileType = sourcecode.swift; path = StepDTO.swift; sourceTree = "<group>"; };
		84EF747A214F462A00BD7F47 /* DemoGoogleMap.app */ = {isa = PBXFileReference; explicitFileType = wrapper.application; includeInIndex = 0; path = DemoGoogleMap.app; sourceTree = BUILT_PRODUCTS_DIR; };
		84EF747D214F462A00BD7F47 /* AppDelegate.swift */ = {isa = PBXFileReference; lastKnownFileType = sourcecode.swift; path = AppDelegate.swift; sourceTree = "<group>"; };
		84EF747F214F462A00BD7F47 /* ViewController.swift */ = {isa = PBXFileReference; lastKnownFileType = sourcecode.swift; path = ViewController.swift; sourceTree = "<group>"; };
		84EF7482214F462A00BD7F47 /* Base */ = {isa = PBXFileReference; lastKnownFileType = file.storyboard; name = Base; path = Base.lproj/Main.storyboard; sourceTree = "<group>"; };
		84EF7485214F462A00BD7F47 /* DemoGoogleMap.xcdatamodel */ = {isa = PBXFileReference; lastKnownFileType = wrapper.xcdatamodel; path = DemoGoogleMap.xcdatamodel; sourceTree = "<group>"; };
		84EF7487214F462B00BD7F47 /* Assets.xcassets */ = {isa = PBXFileReference; lastKnownFileType = folder.assetcatalog; path = Assets.xcassets; sourceTree = "<group>"; };
		84EF748A214F462B00BD7F47 /* Base */ = {isa = PBXFileReference; lastKnownFileType = file.storyboard; name = Base; path = Base.lproj/LaunchScreen.storyboard; sourceTree = "<group>"; };
		84EF748C214F462B00BD7F47 /* Info.plist */ = {isa = PBXFileReference; lastKnownFileType = text.plist.xml; path = Info.plist; sourceTree = "<group>"; };
		A45EC5ECD77BF5864E0F960F /* Pods-DemoGoogleMap.debug.xcconfig */ = {isa = PBXFileReference; includeInIndex = 1; lastKnownFileType = text.xcconfig; name = "Pods-DemoGoogleMap.debug.xcconfig"; path = "Pods/Target Support Files/Pods-DemoGoogleMap/Pods-DemoGoogleMap.debug.xcconfig"; sourceTree = "<group>"; };
/* End PBXFileReference section */

/* Begin PBXFrameworksBuildPhase section */
		84EF7477214F462A00BD7F47 /* Frameworks */ = {
			isa = PBXFrameworksBuildPhase;
			buildActionMask = 2147483647;
			files = (
				1F19D668F31CB906BDBA2CA0 /* libPods-DemoGoogleMap.a in Frameworks */,
			);
			runOnlyForDeploymentPostprocessing = 0;
		};
/* End PBXFrameworksBuildPhase section */

/* Begin PBXGroup section */
		149A9595688B772453BD5084 /* Frameworks */ = {
			isa = PBXGroup;
			children = (
				317F80E4958023E7BBCC72D9 /* libPods-DemoGoogleMap.a */,
			);
			name = Frameworks;
			sourceTree = "<group>";
		};
		84EEB29121533DAF0014FA74 /* DTOs */ = {
			isa = PBXGroup;
			children = (
				84EEB29221533DC80014FA74 /* GoogleValueDTO.swift */,
				84EEB29421533EE00014FA74 /* LocationDTO.swift */,
				84EEB29621533F6A0014FA74 /* PolylineDTO.swift */,
				84EEB29821533FC80014FA74 /* BoundsDTO.swift */,
				84EEB29A21534A460014FA74 /* LegDTO.swift */,
				84EEB29C21534A680014FA74 /* RouteDTO.swift */,
				84EEB29E21534A900014FA74 /* DirectionOverview.swift */,
				84EEB2A021534ABE0014FA74 /* GeocodedWaypoint.swift */,
				84EEB2AA2153784F0014FA74 /* StepDTO.swift */,
			);
			path = DTOs;
			sourceTree = "<group>";
		};
		84EEB2AC2153A2010014FA74 /* APIServices */ = {
			isa = PBXGroup;
			children = (
				84EEB2A2215356020014FA74 /* DirectionService.swift */,
				84EEB2A4215357700014FA74 /* APIRequestProvider.swift */,
				84EEB2A6215358710014FA74 /* APIServiceAgent.swift */,
				84EEB2A8215358AF0014FA74 /* APIServiceObject.swift */,
			);
			path = APIServices;
			sourceTree = "<group>";
		};
		84EF7471214F462A00BD7F47 = {
			isa = PBXGroup;
			children = (
				84EF747C214F462A00BD7F47 /* DemoGoogleMap */,
				84EF747B214F462A00BD7F47 /* Products */,
				9D93687C1C73253820C9D705 /* Pods */,
				149A9595688B772453BD5084 /* Frameworks */,
			);
			sourceTree = "<group>";
		};
		84EF747B214F462A00BD7F47 /* Products */ = {
			isa = PBXGroup;
			children = (
				84EF747A214F462A00BD7F47 /* DemoGoogleMap.app */,
			);
			name = Products;
			sourceTree = "<group>";
		};
		84EF747C214F462A00BD7F47 /* DemoGoogleMap */ = {
			isa = PBXGroup;
			children = (
				84EEB2AC2153A2010014FA74 /* APIServices */,
				84EEB29121533DAF0014FA74 /* DTOs */,
				84EF747D214F462A00BD7F47 /* AppDelegate.swift */,
				84EF747F214F462A00BD7F47 /* ViewController.swift */,
				84EF7481214F462A00BD7F47 /* Main.storyboard */,
				84EF7487214F462B00BD7F47 /* Assets.xcassets */,
				84EF7489214F462B00BD7F47 /* LaunchScreen.storyboard */,
				84EF748C214F462B00BD7F47 /* Info.plist */,
				84EF7484214F462A00BD7F47 /* DemoGoogleMap.xcdatamodeld */,
			);
			path = DemoGoogleMap;
			sourceTree = "<group>";
		};
		9D93687C1C73253820C9D705 /* Pods */ = {
			isa = PBXGroup;
			children = (
				A45EC5ECD77BF5864E0F960F /* Pods-DemoGoogleMap.debug.xcconfig */,
				5AF6169AD5368DFC73B82ED7 /* Pods-DemoGoogleMap.release.xcconfig */,
			);
			name = Pods;
			sourceTree = "<group>";
		};
/* End PBXGroup section */

/* Begin PBXNativeTarget section */
		84EF7479214F462A00BD7F47 /* DemoGoogleMap */ = {
			isa = PBXNativeTarget;
			buildConfigurationList = 84EF748F214F462B00BD7F47 /* Build configuration list for PBXNativeTarget "DemoGoogleMap" */;
			buildPhases = (
				2E06E686682B95DFC1ECCA5E /* [CP] Check Pods Manifest.lock */,
				84EF7476214F462A00BD7F47 /* Sources */,
				84EF7477214F462A00BD7F47 /* Frameworks */,
				84EF7478214F462A00BD7F47 /* Resources */,
				04F16A192F51FD39FBC1BCE1 /* [CP] Copy Pods Resources */,
			);
			buildRules = (
			);
			dependencies = (
			);
			name = DemoGoogleMap;
			productName = DemoGoogleMap;
			productReference = 84EF747A214F462A00BD7F47 /* DemoGoogleMap.app */;
			productType = "com.apple.product-type.application";
		};
/* End PBXNativeTarget section */

/* Begin PBXProject section */
		84EF7472214F462A00BD7F47 /* Project object */ = {
			isa = PBXProject;
			attributes = {
				LastSwiftUpdateCheck = 0930;
				LastUpgradeCheck = 0930;
				ORGANIZATIONNAME = admin;
				TargetAttributes = {
					84EF7479214F462A00BD7F47 = {
						CreatedOnToolsVersion = 9.3.1;
					};
				};
			};
			buildConfigurationList = 84EF7475214F462A00BD7F47 /* Build configuration list for PBXProject "DemoGoogleMap" */;
			compatibilityVersion = "Xcode 9.3";
			developmentRegion = en;
			hasScannedForEncodings = 0;
			knownRegions = (
				en,
				Base,
			);
			mainGroup = 84EF7471214F462A00BD7F47;
			productRefGroup = 84EF747B214F462A00BD7F47 /* Products */;
			projectDirPath = "";
			projectRoot = "";
			targets = (
				84EF7479214F462A00BD7F47 /* DemoGoogleMap */,
			);
		};
/* End PBXProject section */

/* Begin PBXResourcesBuildPhase section */
		84EF7478214F462A00BD7F47 /* Resources */ = {
			isa = PBXResourcesBuildPhase;
			buildActionMask = 2147483647;
			files = (
				84EF748B214F462B00BD7F47 /* LaunchScreen.storyboard in Resources */,
				84EF7488214F462B00BD7F47 /* Assets.xcassets in Resources */,
				84EF7483214F462A00BD7F47 /* Main.storyboard in Resources */,
			);
			runOnlyForDeploymentPostprocessing = 0;
		};
/* End PBXResourcesBuildPhase section */

/* Begin PBXShellScriptBuildPhase section */
		04F16A192F51FD39FBC1BCE1 /* [CP] Copy Pods Resources */ = {
			isa = PBXShellScriptBuildPhase;
			buildActionMask = 2147483647;
			files = (
			);
			inputPaths = (
				"${SRCROOT}/Pods/Target Support Files/Pods-DemoGoogleMap/Pods-DemoGoogleMap-resources.sh",
				"${PODS_ROOT}/GoogleMaps/Maps/Frameworks/GoogleMaps.framework/Resources/GoogleMaps.bundle",
				"${PODS_ROOT}/GooglePlaces/Frameworks/GooglePlaces.framework/Resources/GooglePlaces.bundle",
			);
			name = "[CP] Copy Pods Resources";
			outputPaths = (
				"${TARGET_BUILD_DIR}/${UNLOCALIZED_RESOURCES_FOLDER_PATH}/GoogleMaps.bundle",
				"${TARGET_BUILD_DIR}/${UNLOCALIZED_RESOURCES_FOLDER_PATH}/GooglePlaces.bundle",
			);
			runOnlyForDeploymentPostprocessing = 0;
			shellPath = /bin/sh;
			shellScript = "\"${SRCROOT}/Pods/Target Support Files/Pods-DemoGoogleMap/Pods-DemoGoogleMap-resources.sh\"\n";
			showEnvVarsInLog = 0;
		};
		2E06E686682B95DFC1ECCA5E /* [CP] Check Pods Manifest.lock */ = {
			isa = PBXShellScriptBuildPhase;
			buildActionMask = 2147483647;
			files = (
			);
			inputPaths = (
				"${PODS_PODFILE_DIR_PATH}/Podfile.lock",
				"${PODS_ROOT}/Manifest.lock",
			);
			name = "[CP] Check Pods Manifest.lock";
			outputPaths = (
				"$(DERIVED_FILE_DIR)/Pods-DemoGoogleMap-checkManifestLockResult.txt",
			);
			runOnlyForDeploymentPostprocessing = 0;
			shellPath = /bin/sh;
			shellScript = "diff \"${PODS_PODFILE_DIR_PATH}/Podfile.lock\" \"${PODS_ROOT}/Manifest.lock\" > /dev/null\nif [ $? != 0 ] ; then\n    # print error to STDERR\n    echo \"error: The sandbox is not in sync with the Podfile.lock. Run 'pod install' or update your CocoaPods installation.\" >&2\n    exit 1\nfi\n# This output is used by Xcode 'outputs' to avoid re-running this script phase.\necho \"SUCCESS\" > \"${SCRIPT_OUTPUT_FILE_0}\"\n";
			showEnvVarsInLog = 0;
		};
/* End PBXShellScriptBuildPhase section */

/* Begin PBXSourcesBuildPhase section */
		84EF7476214F462A00BD7F47 /* Sources */ = {
			isa = PBXSourcesBuildPhase;
			buildActionMask = 2147483647;
			files = (
				84EEB29F21534A900014FA74 /* DirectionOverview.swift in Sources */,
				84EEB29321533DC80014FA74 /* GoogleValueDTO.swift in Sources */,
				84EF7486214F462A00BD7F47 /* DemoGoogleMap.xcdatamodeld in Sources */,
				84EEB29D21534A680014FA74 /* RouteDTO.swift in Sources */,
				84EEB29521533EE00014FA74 /* LocationDTO.swift in Sources */,
				84EEB29921533FC80014FA74 /* BoundsDTO.swift in Sources */,
				84EEB2A7215358710014FA74 /* APIServiceAgent.swift in Sources */,
				84EEB29721533F6A0014FA74 /* PolylineDTO.swift in Sources */,
				84EEB2A9215358AF0014FA74 /* APIServiceObject.swift in Sources */,
				84EF7480214F462A00BD7F47 /* ViewController.swift in Sources */,
				84EEB29B21534A460014FA74 /* LegDTO.swift in Sources */,
				84EEB2AB2153784F0014FA74 /* StepDTO.swift in Sources */,
				84EEB2A121534ABE0014FA74 /* GeocodedWaypoint.swift in Sources */,
				84EF747E214F462A00BD7F47 /* AppDelegate.swift in Sources */,
				84EEB2A5215357700014FA74 /* APIRequestProvider.swift in Sources */,
				84EEB2A3215356020014FA74 /* DirectionService.swift in Sources */,
			);
			runOnlyForDeploymentPostprocessing = 0;
		};
/* End PBXSourcesBuildPhase section */

/* Begin PBXVariantGroup section */
		84EF7481214F462A00BD7F47 /* Main.storyboard */ = {
			isa = PBXVariantGroup;
			children = (
				84EF7482214F462A00BD7F47 /* Base */,
			);
			name = Main.storyboard;
			sourceTree = "<group>";
		};
		84EF7489214F462B00BD7F47 /* LaunchScreen.storyboard */ = {
			isa = PBXVariantGroup;
			children = (
				84EF748A214F462B00BD7F47 /* Base */,
			);
			name = LaunchScreen.storyboard;
			sourceTree = "<group>";
		};
/* End PBXVariantGroup section */

/* Begin XCBuildConfiguration section */
		84EF748D214F462B00BD7F47 /* Debug */ = {
			isa = XCBuildConfiguration;
			buildSettings = {
				ALWAYS_SEARCH_USER_PATHS = NO;
				CLANG_ANALYZER_NONNULL = YES;
				CLANG_ANALYZER_NUMBER_OBJECT_CONVERSION = YES_AGGRESSIVE;
				CLANG_CXX_LANGUAGE_STANDARD = "gnu++14";
				CLANG_CXX_LIBRARY = "libc++";
				CLANG_ENABLE_MODULES = YES;
				CLANG_ENABLE_OBJC_ARC = YES;
				CLANG_ENABLE_OBJC_WEAK = YES;
				CLANG_WARN_BLOCK_CAPTURE_AUTORELEASING = YES;
				CLANG_WARN_BOOL_CONVERSION = YES;
				CLANG_WARN_COMMA = YES;
				CLANG_WARN_CONSTANT_CONVERSION = YES;
				CLANG_WARN_DEPRECATED_OBJC_IMPLEMENTATIONS = YES;
				CLANG_WARN_DIRECT_OBJC_ISA_USAGE = YES_ERROR;
				CLANG_WARN_DOCUMENTATION_COMMENTS = YES;
				CLANG_WARN_EMPTY_BODY = YES;
				CLANG_WARN_ENUM_CONVERSION = YES;
				CLANG_WARN_INFINITE_RECURSION = YES;
				CLANG_WARN_INT_CONVERSION = YES;
				CLANG_WARN_NON_LITERAL_NULL_CONVERSION = YES;
				CLANG_WARN_OBJC_IMPLICIT_RETAIN_SELF = YES;
				CLANG_WARN_OBJC_LITERAL_CONVERSION = YES;
				CLANG_WARN_OBJC_ROOT_CLASS = YES_ERROR;
				CLANG_WARN_RANGE_LOOP_ANALYSIS = YES;
				CLANG_WARN_STRICT_PROTOTYPES = YES;
				CLANG_WARN_SUSPICIOUS_MOVE = YES;
				CLANG_WARN_UNGUARDED_AVAILABILITY = YES_AGGRESSIVE;
				CLANG_WARN_UNREACHABLE_CODE = YES;
				CLANG_WARN__DUPLICATE_METHOD_MATCH = YES;
				CODE_SIGN_IDENTITY = "iPhone Developer";
				COPY_PHASE_STRIP = NO;
				DEBUG_INFORMATION_FORMAT = dwarf;
				ENABLE_STRICT_OBJC_MSGSEND = YES;
				ENABLE_TESTABILITY = YES;
				GCC_C_LANGUAGE_STANDARD = gnu11;
				GCC_DYNAMIC_NO_PIC = NO;
				GCC_NO_COMMON_BLOCKS = YES;
				GCC_OPTIMIZATION_LEVEL = 0;
				GCC_PREPROCESSOR_DEFINITIONS = (
					"DEBUG=1",
					"$(inherited)",
				);
				GCC_WARN_64_TO_32_BIT_CONVERSION = YES;
				GCC_WARN_ABOUT_RETURN_TYPE = YES_ERROR;
				GCC_WARN_UNDECLARED_SELECTOR = YES;
				GCC_WARN_UNINITIALIZED_AUTOS = YES_AGGRESSIVE;
				GCC_WARN_UNUSED_FUNCTION = YES;
				GCC_WARN_UNUSED_VARIABLE = YES;
				IPHONEOS_DEPLOYMENT_TARGET = 11.3;
				MTL_ENABLE_DEBUG_INFO = YES;
				ONLY_ACTIVE_ARCH = YES;
				SDKROOT = iphoneos;
				SWIFT_ACTIVE_COMPILATION_CONDITIONS = DEBUG;
				SWIFT_OPTIMIZATION_LEVEL = "-Onone";
			};
			name = Debug;
		};
		84EF748E214F462B00BD7F47 /* Release */ = {
			isa = XCBuildConfiguration;
			buildSettings = {
				ALWAYS_SEARCH_USER_PATHS = NO;
				CLANG_ANALYZER_NONNULL = YES;
				CLANG_ANALYZER_NUMBER_OBJECT_CONVERSION = YES_AGGRESSIVE;
				CLANG_CXX_LANGUAGE_STANDARD = "gnu++14";
				CLANG_CXX_LIBRARY = "libc++";
				CLANG_ENABLE_MODULES = YES;
				CLANG_ENABLE_OBJC_ARC = YES;
				CLANG_ENABLE_OBJC_WEAK = YES;
				CLANG_WARN_BLOCK_CAPTURE_AUTORELEASING = YES;
				CLANG_WARN_BOOL_CONVERSION = YES;
				CLANG_WARN_COMMA = YES;
				CLANG_WARN_CONSTANT_CONVERSION = YES;
				CLANG_WARN_DEPRECATED_OBJC_IMPLEMENTATIONS = YES;
				CLANG_WARN_DIRECT_OBJC_ISA_USAGE = YES_ERROR;
				CLANG_WARN_DOCUMENTATION_COMMENTS = YES;
				CLANG_WARN_EMPTY_BODY = YES;
				CLANG_WARN_ENUM_CONVERSION = YES;
				CLANG_WARN_INFINITE_RECURSION = YES;
				CLANG_WARN_INT_CONVERSION = YES;
				CLANG_WARN_NON_LITERAL_NULL_CONVERSION = YES;
				CLANG_WARN_OBJC_IMPLICIT_RETAIN_SELF = YES;
				CLANG_WARN_OBJC_LITERAL_CONVERSION = YES;
				CLANG_WARN_OBJC_ROOT_CLASS = YES_ERROR;
				CLANG_WARN_RANGE_LOOP_ANALYSIS = YES;
				CLANG_WARN_STRICT_PROTOTYPES = YES;
				CLANG_WARN_SUSPICIOUS_MOVE = YES;
				CLANG_WARN_UNGUARDED_AVAILABILITY = YES_AGGRESSIVE;
				CLANG_WARN_UNREACHABLE_CODE = YES;
				CLANG_WARN__DUPLICATE_METHOD_MATCH = YES;
				CODE_SIGN_IDENTITY = "iPhone Developer";
				COPY_PHASE_STRIP = NO;
				DEBUG_INFORMATION_FORMAT = "dwarf-with-dsym";
				ENABLE_NS_ASSERTIONS = NO;
				ENABLE_STRICT_OBJC_MSGSEND = YES;
				GCC_C_LANGUAGE_STANDARD = gnu11;
				GCC_NO_COMMON_BLOCKS = YES;
				GCC_WARN_64_TO_32_BIT_CONVERSION = YES;
				GCC_WARN_ABOUT_RETURN_TYPE = YES_ERROR;
				GCC_WARN_UNDECLARED_SELECTOR = YES;
				GCC_WARN_UNINITIALIZED_AUTOS = YES_AGGRESSIVE;
				GCC_WARN_UNUSED_FUNCTION = YES;
				GCC_WARN_UNUSED_VARIABLE = YES;
				IPHONEOS_DEPLOYMENT_TARGET = 11.3;
				MTL_ENABLE_DEBUG_INFO = NO;
				SDKROOT = iphoneos;
				SWIFT_COMPILATION_MODE = wholemodule;
				SWIFT_OPTIMIZATION_LEVEL = "-O";
				VALIDATE_PRODUCT = YES;
			};
			name = Release;
		};
		84EF7490214F462B00BD7F47 /* Debug */ = {
			isa = XCBuildConfiguration;
			baseConfigurationReference = A45EC5ECD77BF5864E0F960F /* Pods-DemoGoogleMap.debug.xcconfig */;
			buildSettings = {
				ASSETCATALOG_COMPILER_APPICON_NAME = AppIcon;
				CODE_SIGN_STYLE = Automatic;
				INFOPLIST_FILE = DemoGoogleMap/Info.plist;
				LD_RUNPATH_SEARCH_PATHS = (
					"$(inherited)",
					"@executable_path/Frameworks",
				);
				PRODUCT_BUNDLE_IDENTIFIER = gem.fresher.DemoGoogleMap;
				PRODUCT_NAME = "$(TARGET_NAME)";
				SWIFT_VERSION = 4.0;
				TARGETED_DEVICE_FAMILY = "1,2";
			};
			name = Debug;
		};
		84EF7491214F462B00BD7F47 /* Release */ = {
			isa = XCBuildConfiguration;
			baseConfigurationReference = 5AF6169AD5368DFC73B82ED7 /* Pods-DemoGoogleMap.release.xcconfig */;
			buildSettings = {
				ASSETCATALOG_COMPILER_APPICON_NAME = AppIcon;
				CODE_SIGN_STYLE = Automatic;
				INFOPLIST_FILE = DemoGoogleMap/Info.plist;
				LD_RUNPATH_SEARCH_PATHS = (
					"$(inherited)",
					"@executable_path/Frameworks",
				);
				PRODUCT_BUNDLE_IDENTIFIER = gem.fresher.DemoGoogleMap;
				PRODUCT_NAME = "$(TARGET_NAME)";
				SWIFT_VERSION = 4.0;
				TARGETED_DEVICE_FAMILY = "1,2";
			};
			name = Release;
		};
/* End XCBuildConfiguration section */

/* Begin XCConfigurationList section */
		84EF7475214F462A00BD7F47 /* Build configuration list for PBXProject "DemoGoogleMap" */ = {
			isa = XCConfigurationList;
			buildConfigurations = (
				84EF748D214F462B00BD7F47 /* Debug */,
				84EF748E214F462B00BD7F47 /* Release */,
			);
			defaultConfigurationIsVisible = 0;
			defaultConfigurationName = Release;
		};
		84EF748F214F462B00BD7F47 /* Build configuration list for PBXNativeTarget "DemoGoogleMap" */ = {
			isa = XCConfigurationList;
			buildConfigurations = (
				84EF7490214F462B00BD7F47 /* Debug */,
				84EF7491214F462B00BD7F47 /* Release */,
			);
			defaultConfigurationIsVisible = 0;
			defaultConfigurationName = Release;
		};
/* End XCConfigurationList section */

/* Begin XCVersionGroup section */
		84EF7484214F462A00BD7F47 /* DemoGoogleMap.xcdatamodeld */ = {
			isa = XCVersionGroup;
			children = (
				84EF7485214F462A00BD7F47 /* DemoGoogleMap.xcdatamodel */,
			);
			currentVersion = 84EF7485214F462A00BD7F47 /* DemoGoogleMap.xcdatamodel */;
			path = DemoGoogleMap.xcdatamodeld;
			sourceTree = "<group>";
			versionGroupType = wrapper.xcdatamodel;
		};
/* End XCVersionGroup section */
	};
	rootObject = 84EF7472214F462A00BD7F47 /* Project object */;
}
